
Microsoft Visual Studio Solution File, Format Version 12.00
# Visual Studio Version 16
VisualStudioVersion = 16.0.32407.337
MinimumVisualStudioVersion = 10.0.40219.1
Project("{FAE04EC0-301F-11D3-BF4B-00C04F79EFBC}") = "UI", "UI\UI.csproj", "{186109DF-2404-4778-B5BC-A4923249790E}"
EndProject
Project("{FAE04EC0-301F-11D3-BF4B-00C04F79EFBC}") = "Logic", "Logic\Logic.csproj", "{0757E620-E8F3-462B-BE41-B49C37D3FE08}"
EndProject
Project("{FAE04EC0-301F-11D3-BF4B-00C04F79EFBC}") = "Test", "Test\Test.csproj", "{6735DC69-44B1-4ED6-B7B9-A67937A288DE}"
EndProject
Global
	GlobalSection(SolutionConfigurationPlatforms) = preSolution
		Debug|Any CPU = Debug|Any CPU
		Release|Any CPU = Release|Any CPU
	EndGlobalSection
	GlobalSection(ProjectConfigurationPlatforms) = postSolution
		{186109DF-2404-4778-B5BC-A4923249790E}.Debug|Any CPU.ActiveCfg = Debug|Any CPU
		{186109DF-2404-4778-B5BC-A4923249790E}.Debug|Any CPU.Build.0 = Debug|Any CPU
		{186109DF-2404-4778-B5BC-A4923249790E}.Release|Any CPU.ActiveCfg = Release|Any CPU
		{186109DF-2404-4778-B5BC-A4923249790E}.Release|Any CPU.Build.0 = Release|Any CPU
		{0757E620-E8F3-462B-BE41-B49C37D3FE08}.Debug|Any CPU.ActiveCfg = Debug|Any CPU
		{0757E620-E8F3-462B-BE41-B49C37D3FE08}.Debug|Any CPU.Build.0 = Debug|Any CPU
		{0757E620-E8F3-462B-BE41-B49C37D3FE08}.Release|Any CPU.ActiveCfg = Release|Any CPU
		{0757E620-E8F3-462B-BE41-B49C37D3FE08}.Release|Any CPU.Build.0 = Release|Any CPU
		{6735DC69-44B1-4ED6-B7B9-A67937A288DE}.Debug|Any CPU.ActiveCfg = Debug|Any CPU
		{6735DC69-44B1-4ED6-B7B9-A67937A288DE}.Debug|Any CPU.Build.0 = Debug|Any CPU
		{6735DC69-44B1-4ED6-B7B9-A67937A288DE}.Release|Any CPU.ActiveCfg = Release|Any CPU
		{6735DC69-44B1-4ED6-B7B9-A67937A288DE}.Release|Any CPU.Build.0 = Release|Any CPU
	EndGlobalSection
	GlobalSection(SolutionProperties) = preSolution
		HideSolutionNode = FALSE
	EndGlobalSection
	GlobalSection(ExtensibilityGlobals) = postSolution
		SolutionGuid = {E7CE6D3F-D667-4A3A-A7A8-3713EEC15C80}
	EndGlobalSection
EndGlobal
